{
  "version": 4,
  "terraform_version": "0.12.24",
  "serial": 27,
  "lineage": "749c45c9-f824-915c-bb11-ee7ea9b26d2e",
  "outputs": {},
  "resources": [
    {
      "mode": "managed",
      "type": "aws_api_gateway_rest_api",
      "name": "gateway",
      "provider": "provider.aws",
      "instances": [
        {
          "schema_version": 0,
          "attributes": {
            "api_key_source": "HEADER",
            "arn": "arn:aws:apigateway:eu-central-1::/restapis/x835rneafe",
            "binary_media_types": [],
            "body": null,
            "created_date": "2020-05-28T13:00:46Z",
            "description": "description",
            "endpoint_configuration": [
              {
                "types": [
                  "REGIONAL"
                ]
              }
            ],
            "execution_arn": "arn:aws:execute-api:eu-central-1:000619533209:x835rneafe",
            "id": "x835rneafe",
            "minimum_compression_size": -1,
            "name": "serverless",
            "policy": "",
            "root_resource_id": "b8visy7n9c",
            "tags": {}
          },
          "private": "bnVsbA=="
        }
      ]
    },
    {
      "mode": "managed",
      "type": "aws_s3_bucket",
      "name": "bucket",
      "provider": "provider.aws",
      "instances": [
        {
          "schema_version": 0,
          "attributes": {
            "acceleration_status": "",
            "acl": "private",
            "arn": "arn:aws:s3:::terraform-20200528130045943200000001",
            "bucket": "terraform-20200528130045943200000001",
            "bucket_domain_name": "terraform-20200528130045943200000001.s3.amazonaws.com",
            "bucket_prefix": null,
            "bucket_regional_domain_name": "terraform-20200528130045943200000001.s3.eu-central-1.amazonaws.com",
            "cors_rule": [],
            "force_destroy": false,
            "hosted_zone_id": "Z21DNDUVLTQW6Q",
            "id": "terraform-20200528130045943200000001",
            "lifecycle_rule": [],
            "logging": [],
            "object_lock_configuration": [],
            "policy": null,
            "region": "eu-central-1",
            "replication_configuration": [],
            "request_payer": "BucketOwner",
            "server_side_encryption_configuration": [],
            "tags": {},
            "versioning": [
              {
                "enabled": false,
                "mfa_delete": false
              }
            ],
            "website": [],
            "website_domain": null,
            "website_endpoint": null
          },
          "private": "bnVsbA=="
        }
      ]
    },
    {
      "mode": "managed",
      "type": "aws_ssm_parameter",
      "name": "ag-id",
      "provider": "provider.aws",
      "instances": [
        {
          "schema_version": 0,
          "attributes": {
            "allowed_pattern": "",
            "arn": "arn:aws:ssm:eu-central-1:000619533209:parameter/api_gateway_id",
            "description": "",
            "id": "api_gateway_id",
            "key_id": "",
            "name": "api_gateway_id",
            "overwrite": null,
            "tags": null,
            "tier": "Standard",
            "type": "String",
            "value": "x835rneafe",
            "version": 1
          },
          "private": "bnVsbA==",
          "dependencies": [
            "aws_api_gateway_rest_api.gateway"
          ]
        }
      ]
    },
    {
      "mode": "managed",
      "type": "aws_ssm_parameter",
      "name": "ag-root-id",
      "provider": "provider.aws",
      "instances": [
        {
          "schema_version": 0,
          "attributes": {
            "allowed_pattern": "",
            "arn": "arn:aws:ssm:eu-central-1:000619533209:parameter/api_gateway_root_resource_id",
            "description": "",
            "id": "api_gateway_root_resource_id",
            "key_id": "",
            "name": "api_gateway_root_resource_id",
            "overwrite": null,
            "tags": null,
            "tier": "Standard",
            "type": "String",
            "value": "b8visy7n9c",
            "version": 1
          },
          "private": "bnVsbA==",
          "dependencies": [
            "aws_api_gateway_rest_api.gateway"
          ]
        }
      ]
    },
    {
      "mode": "managed",
      "type": "aws_ssm_parameter",
      "name": "b",
      "provider": "provider.aws",
      "instances": [
        {
          "schema_version": 0,
          "attributes": {
            "allowed_pattern": "",
            "arn": "arn:aws:ssm:eu-central-1:000619533209:parameter/bucket-name",
            "description": "",
            "id": "bucket-name",
            "key_id": "",
            "name": "bucket-name",
            "overwrite": null,
            "tags": null,
            "tier": "Standard",
            "type": "String",
            "value": "terraform-20200528130045943200000001",
            "version": 1
          },
          "private": "bnVsbA==",
          "dependencies": [
            "aws_s3_bucket.bucket"
          ]
        }
      ]
    }
  ]
}
